// !$*UTF8*$!
{
	archiveVersion = 1;
	classes = {
	};
	objectVersion = 48;
	objects = {

/* Begin PBXBuildFile section */
		5ACF12E0275EEB2E87871316 /* Pods_crypto_address_book.framework in Frameworks */ = {isa = PBXBuildFile; fileRef = 2540865FB09D82B5BEF4F8B4 /* Pods_crypto_address_book.framework */; };
		D001DE62201462FF00D83075 /* RoundedBurritoButton.swift in Sources */ = {isa = PBXBuildFile; fileRef = D001DE61201462FF00D83075 /* RoundedBurritoButton.swift */; };
		D0DE03F420147D2800CC630B /* VerifyAddressViewController.swift in Sources */ = {isa = PBXBuildFile; fileRef = D0DE03F320147D2800CC630B /* VerifyAddressViewController.swift */; };
		D0DE03F62015120F00CC630B /* ColorProfile.swift in Sources */ = {isa = PBXBuildFile; fileRef = D0DE03F52015120F00CC630B /* ColorProfile.swift */; };
		D0DE03F92015179200CC630B /* UIImage+CAB.swift in Sources */ = {isa = PBXBuildFile; fileRef = D0DE03F82015179200CC630B /* UIImage+CAB.swift */; };
		D0DE03FB2015204C00CC630B /* UIColor+CAB.swift in Sources */ = {isa = PBXBuildFile; fileRef = D0DE03FA2015204C00CC630B /* UIColor+CAB.swift */; };
		D0DE03FE20153B3000CC630B /* ApiTransaction.swift in Sources */ = {isa = PBXBuildFile; fileRef = D0DE03FD20153B3000CC630B /* ApiTransaction.swift */; };
		D0DE040020153D6E00CC630B /* RequestBuilder.swift in Sources */ = {isa = PBXBuildFile; fileRef = D0DE03FF20153D6E00CC630B /* RequestBuilder.swift */; };
		D0DE0402201545B500CC630B /* QRScannerViewController.swift in Sources */ = {isa = PBXBuildFile; fileRef = D0DE0401201545B500CC630B /* QRScannerViewController.swift */; };
		D0DE040520154D0B00CC630B /* Constants.swift in Sources */ = {isa = PBXBuildFile; fileRef = D0DE040420154D0B00CC630B /* Constants.swift */; };
		D0E5C049201412CC00DD4200 /* AppDelegate.swift in Sources */ = {isa = PBXBuildFile; fileRef = D0E5C048201412CC00DD4200 /* AppDelegate.swift */; };
		D0E5C04E201412CC00DD4200 /* Main.storyboard in Resources */ = {isa = PBXBuildFile; fileRef = D0E5C04C201412CC00DD4200 /* Main.storyboard */; };
		D0E5C050201412CC00DD4200 /* Assets.xcassets in Resources */ = {isa = PBXBuildFile; fileRef = D0E5C04F201412CC00DD4200 /* Assets.xcassets */; };
		D0E5C053201412CC00DD4200 /* LaunchScreen.storyboard in Resources */ = {isa = PBXBuildFile; fileRef = D0E5C051201412CC00DD4200 /* LaunchScreen.storyboard */; };
		D0E5C05F20141B7200DD4200 /* BookTableViewController.swift in Sources */ = {isa = PBXBuildFile; fileRef = D0E5C05E20141B7200DD4200 /* BookTableViewController.swift */; };
		D0E5C06120141BA100DD4200 /* AddAddressViewController.swift in Sources */ = {isa = PBXBuildFile; fileRef = D0E5C06020141BA100DD4200 /* AddAddressViewController.swift */; };
		D0E5C06320141BD200DD4200 /* AddressDetailViewController.swift in Sources */ = {isa = PBXBuildFile; fileRef = D0E5C06220141BD200DD4200 /* AddressDetailViewController.swift */; };
/* End PBXBuildFile section */

/* Begin PBXFileReference section */
		01AD29B0E16C026A3EE43E76 /* Pods-crypto-address-book.debug.xcconfig */ = {isa = PBXFileReference; includeInIndex = 1; lastKnownFileType = text.xcconfig; name = "Pods-crypto-address-book.debug.xcconfig"; path = "Pods/Target Support Files/Pods-crypto-address-book/Pods-crypto-address-book.debug.xcconfig"; sourceTree = "<group>"; };
		2540865FB09D82B5BEF4F8B4 /* Pods_crypto_address_book.framework */ = {isa = PBXFileReference; explicitFileType = wrapper.framework; includeInIndex = 0; path = Pods_crypto_address_book.framework; sourceTree = BUILT_PRODUCTS_DIR; };
		29390DC14729790161AFE562 /* Pods-crypto-address-book.release.xcconfig */ = {isa = PBXFileReference; includeInIndex = 1; lastKnownFileType = text.xcconfig; name = "Pods-crypto-address-book.release.xcconfig"; path = "Pods/Target Support Files/Pods-crypto-address-book/Pods-crypto-address-book.release.xcconfig"; sourceTree = "<group>"; };
		D001DE61201462FF00D83075 /* RoundedBurritoButton.swift */ = {isa = PBXFileReference; fileEncoding = 4; lastKnownFileType = sourcecode.swift; path = RoundedBurritoButton.swift; sourceTree = "<group>"; };
		D0DE03F320147D2800CC630B /* VerifyAddressViewController.swift */ = {isa = PBXFileReference; lastKnownFileType = sourcecode.swift; path = VerifyAddressViewController.swift; sourceTree = "<group>"; };
		D0DE03F52015120F00CC630B /* ColorProfile.swift */ = {isa = PBXFileReference; lastKnownFileType = sourcecode.swift; path = ColorProfile.swift; sourceTree = "<group>"; };
		D0DE03F82015179200CC630B /* UIImage+CAB.swift */ = {isa = PBXFileReference; lastKnownFileType = sourcecode.swift; path = "UIImage+CAB.swift"; sourceTree = "<group>"; };
		D0DE03FA2015204C00CC630B /* UIColor+CAB.swift */ = {isa = PBXFileReference; lastKnownFileType = sourcecode.swift; path = "UIColor+CAB.swift"; sourceTree = "<group>"; };
		D0DE03FD20153B3000CC630B /* ApiTransaction.swift */ = {isa = PBXFileReference; fileEncoding = 4; lastKnownFileType = sourcecode.swift; path = ApiTransaction.swift; sourceTree = "<group>"; };
		D0DE03FF20153D6E00CC630B /* RequestBuilder.swift */ = {isa = PBXFileReference; lastKnownFileType = sourcecode.swift; path = RequestBuilder.swift; sourceTree = "<group>"; };
		D0DE0401201545B500CC630B /* QRScannerViewController.swift */ = {isa = PBXFileReference; lastKnownFileType = sourcecode.swift; path = QRScannerViewController.swift; sourceTree = "<group>"; };
		D0DE040420154D0B00CC630B /* Constants.swift */ = {isa = PBXFileReference; lastKnownFileType = sourcecode.swift; path = Constants.swift; sourceTree = "<group>"; };
		D0E5C045201412CC00DD4200 /* crypto-address-book.app */ = {isa = PBXFileReference; explicitFileType = wrapper.application; includeInIndex = 0; path = "crypto-address-book.app"; sourceTree = BUILT_PRODUCTS_DIR; };
		D0E5C048201412CC00DD4200 /* AppDelegate.swift */ = {isa = PBXFileReference; lastKnownFileType = sourcecode.swift; path = AppDelegate.swift; sourceTree = "<group>"; };
		D0E5C04D201412CC00DD4200 /* Base */ = {isa = PBXFileReference; lastKnownFileType = file.storyboard; name = Base; path = Base.lproj/Main.storyboard; sourceTree = "<group>"; };
		D0E5C04F201412CC00DD4200 /* Assets.xcassets */ = {isa = PBXFileReference; lastKnownFileType = folder.assetcatalog; path = Assets.xcassets; sourceTree = "<group>"; };
		D0E5C052201412CC00DD4200 /* Base */ = {isa = PBXFileReference; lastKnownFileType = file.storyboard; name = Base; path = Base.lproj/LaunchScreen.storyboard; sourceTree = "<group>"; };
		D0E5C054201412CC00DD4200 /* Info.plist */ = {isa = PBXFileReference; lastKnownFileType = text.plist.xml; path = Info.plist; sourceTree = "<group>"; };
		D0E5C05E20141B7200DD4200 /* BookTableViewController.swift */ = {isa = PBXFileReference; lastKnownFileType = sourcecode.swift; path = BookTableViewController.swift; sourceTree = "<group>"; };
		D0E5C06020141BA100DD4200 /* AddAddressViewController.swift */ = {isa = PBXFileReference; lastKnownFileType = sourcecode.swift; path = AddAddressViewController.swift; sourceTree = "<group>"; };
		D0E5C06220141BD200DD4200 /* AddressDetailViewController.swift */ = {isa = PBXFileReference; lastKnownFileType = sourcecode.swift; path = AddressDetailViewController.swift; sourceTree = "<group>"; };
/* End PBXFileReference section */

/* Begin PBXFrameworksBuildPhase section */
		D0E5C042201412CC00DD4200 /* Frameworks */ = {
			isa = PBXFrameworksBuildPhase;
			buildActionMask = 2147483647;
			files = (
				5ACF12E0275EEB2E87871316 /* Pods_crypto_address_book.framework in Frameworks */,
			);
			runOnlyForDeploymentPostprocessing = 0;
		};
/* End PBXFrameworksBuildPhase section */

/* Begin PBXGroup section */
		7BD4B765C95AEB2E1FFF18F2 /* Pods */ = {
			isa = PBXGroup;
			children = (
				01AD29B0E16C026A3EE43E76 /* Pods-crypto-address-book.debug.xcconfig */,
				29390DC14729790161AFE562 /* Pods-crypto-address-book.release.xcconfig */,
			);
			name = Pods;
			sourceTree = "<group>";
		};
		8001C4488877ABB2A9D2EDE7 /* Frameworks */ = {
			isa = PBXGroup;
			children = (
				2540865FB09D82B5BEF4F8B4 /* Pods_crypto_address_book.framework */,
			);
			name = Frameworks;
			sourceTree = "<group>";
		};
		D0DE03F72015177C00CC630B /* extensions */ = {
			isa = PBXGroup;
			children = (
				D0DE03F82015179200CC630B /* UIImage+CAB.swift */,
				D0DE03FA2015204C00CC630B /* UIColor+CAB.swift */,
			);
			path = extensions;
			sourceTree = "<group>";
		};
		D0DE03FC20153B0700CC630B /* network */ = {
			isa = PBXGroup;
			children = (
				D0DE03FD20153B3000CC630B /* ApiTransaction.swift */,
				D0DE03FF20153D6E00CC630B /* RequestBuilder.swift */,
			);
			path = network;
			sourceTree = "<group>";
		};
		D0DE040320154CFA00CC630B /* shared */ = {
			isa = PBXGroup;
			children = (
				D0DE040420154D0B00CC630B /* Constants.swift */,
			);
			path = shared;
			sourceTree = "<group>";
		};
		D0E5C03C201412CC00DD4200 = {
			isa = PBXGroup;
			children = (
				D0E5C047201412CC00DD4200 /* crypto-address-book */,
				D0E5C046201412CC00DD4200 /* Products */,
				7BD4B765C95AEB2E1FFF18F2 /* Pods */,
				8001C4488877ABB2A9D2EDE7 /* Frameworks */,
			);
			sourceTree = "<group>";
		};
		D0E5C046201412CC00DD4200 /* Products */ = {
			isa = PBXGroup;
			children = (
				D0E5C045201412CC00DD4200 /* crypto-address-book.app */,
			);
			name = Products;
			sourceTree = "<group>";
		};
		D0E5C047201412CC00DD4200 /* crypto-address-book */ = {
			isa = PBXGroup;
			children = (
				D0DE040320154CFA00CC630B /* shared */,
				D0DE03FC20153B0700CC630B /* network */,
				D0DE03F72015177C00CC630B /* extensions */,
				D0E5C0642014207300DD4200 /* views */,
				D0E5C05D2014196100DD4200 /* models */,
				D0E5C05C201417BB00DD4200 /* storyboards */,
				D0E5C05B201417A900DD4200 /* viewcontrollers */,
				D0E5C048201412CC00DD4200 /* AppDelegate.swift */,
				D0E5C04F201412CC00DD4200 /* Assets.xcassets */,
				D0E5C054201412CC00DD4200 /* Info.plist */,
			);
			path = "crypto-address-book";
			sourceTree = "<group>";
		};
		D0E5C05B201417A900DD4200 /* viewcontrollers */ = {
			isa = PBXGroup;
			children = (
				D0E5C05E20141B7200DD4200 /* BookTableViewController.swift */,
				D0E5C06020141BA100DD4200 /* AddAddressViewController.swift */,
				D0E5C06220141BD200DD4200 /* AddressDetailViewController.swift */,
				D0DE03F320147D2800CC630B /* VerifyAddressViewController.swift */,
				D0DE0401201545B500CC630B /* QRScannerViewController.swift */,
			);
			path = viewcontrollers;
			sourceTree = "<group>";
		};
		D0E5C05C201417BB00DD4200 /* storyboards */ = {
			isa = PBXGroup;
			children = (
				D0E5C04C201412CC00DD4200 /* Main.storyboard */,
				D0E5C051201412CC00DD4200 /* LaunchScreen.storyboard */,
			);
			path = storyboards;
			sourceTree = "<group>";
		};
		D0E5C05D2014196100DD4200 /* models */ = {
			isa = PBXGroup;
			children = (
				D0DE03F52015120F00CC630B /* ColorProfile.swift */,
			);
			path = models;
			sourceTree = "<group>";
		};
		D0E5C0642014207300DD4200 /* views */ = {
			isa = PBXGroup;
			children = (
				D001DE61201462FF00D83075 /* RoundedBurritoButton.swift */,
			);
			path = views;
			sourceTree = "<group>";
		};
/* End PBXGroup section */

/* Begin PBXNativeTarget section */
		D0E5C044201412CC00DD4200 /* crypto-address-book */ = {
			isa = PBXNativeTarget;
			buildConfigurationList = D0E5C057201412CC00DD4200 /* Build configuration list for PBXNativeTarget "crypto-address-book" */;
			buildPhases = (
				75811E2C0F3ED942E9D80F65 /* [CP] Check Pods Manifest.lock */,
				D0E5C041201412CC00DD4200 /* Sources */,
				D0E5C042201412CC00DD4200 /* Frameworks */,
				D0E5C043201412CC00DD4200 /* Resources */,
				99A86F8ADC0A179697266366 /* [CP] Embed Pods Frameworks */,
				5D3FDECFC0A9B6FBE7092C08 /* [CP] Copy Pods Resources */,
			);
			buildRules = (
			);
			dependencies = (
			);
			name = "crypto-address-book";
			productName = "crypto-address-book";
			productReference = D0E5C045201412CC00DD4200 /* crypto-address-book.app */;
			productType = "com.apple.product-type.application";
		};
/* End PBXNativeTarget section */

/* Begin PBXProject section */
		D0E5C03D201412CC00DD4200 /* Project object */ = {
			isa = PBXProject;
			attributes = {
				LastSwiftUpdateCheck = 0920;
				LastUpgradeCheck = 0920;
				ORGANIZATIONNAME = "Mario Lin";
				TargetAttributes = {
					D0E5C044201412CC00DD4200 = {
						CreatedOnToolsVersion = 9.2;
						ProvisioningStyle = Automatic;
					};
				};
			};
			buildConfigurationList = D0E5C040201412CC00DD4200 /* Build configuration list for PBXProject "crypto-address-book" */;
			compatibilityVersion = "Xcode 8.0";
			developmentRegion = en;
			hasScannedForEncodings = 0;
			knownRegions = (
				en,
				Base,
			);
			mainGroup = D0E5C03C201412CC00DD4200;
			productRefGroup = D0E5C046201412CC00DD4200 /* Products */;
			projectDirPath = "";
			projectRoot = "";
			targets = (
				D0E5C044201412CC00DD4200 /* crypto-address-book */,
			);
		};
/* End PBXProject section */

/* Begin PBXResourcesBuildPhase section */
		D0E5C043201412CC00DD4200 /* Resources */ = {
			isa = PBXResourcesBuildPhase;
			buildActionMask = 2147483647;
			files = (
				D0E5C053201412CC00DD4200 /* LaunchScreen.storyboard in Resources */,
				D0E5C050201412CC00DD4200 /* Assets.xcassets in Resources */,
				D0E5C04E201412CC00DD4200 /* Main.storyboard in Resources */,
			);
			runOnlyForDeploymentPostprocessing = 0;
		};
/* End PBXResourcesBuildPhase section */

/* Begin PBXShellScriptBuildPhase section */
		5D3FDECFC0A9B6FBE7092C08 /* [CP] Copy Pods Resources */ = {
			isa = PBXShellScriptBuildPhase;
			buildActionMask = 2147483647;
			files = (
			);
			inputPaths = (
			);
			name = "[CP] Copy Pods Resources";
			outputPaths = (
			);
			runOnlyForDeploymentPostprocessing = 0;
			shellPath = /bin/sh;
			shellScript = "\"${SRCROOT}/Pods/Target Support Files/Pods-crypto-address-book/Pods-crypto-address-book-resources.sh\"\n";
			showEnvVarsInLog = 0;
		};
		75811E2C0F3ED942E9D80F65 /* [CP] Check Pods Manifest.lock */ = {
			isa = PBXShellScriptBuildPhase;
			buildActionMask = 2147483647;
			files = (
			);
			inputPaths = (
				"${PODS_PODFILE_DIR_PATH}/Podfile.lock",
				"${PODS_ROOT}/Manifest.lock",
			);
			name = "[CP] Check Pods Manifest.lock";
			outputPaths = (
				"$(DERIVED_FILE_DIR)/Pods-crypto-address-book-checkManifestLockResult.txt",
			);
			runOnlyForDeploymentPostprocessing = 0;
			shellPath = /bin/sh;
			shellScript = "diff \"${PODS_PODFILE_DIR_PATH}/Podfile.lock\" \"${PODS_ROOT}/Manifest.lock\" > /dev/null\nif [ $? != 0 ] ; then\n    # print error to STDERR\n    echo \"error: The sandbox is not in sync with the Podfile.lock. Run 'pod install' or update your CocoaPods installation.\" >&2\n    exit 1\nfi\n# This output is used by Xcode 'outputs' to avoid re-running this script phase.\necho \"SUCCESS\" > \"${SCRIPT_OUTPUT_FILE_0}\"\n";
			showEnvVarsInLog = 0;
		};
		99A86F8ADC0A179697266366 /* [CP] Embed Pods Frameworks */ = {
			isa = PBXShellScriptBuildPhase;
			buildActionMask = 2147483647;
			files = (
			);
			inputPaths = (
				"${SRCROOT}/Pods/Target Support Files/Pods-crypto-address-book/Pods-crypto-address-book-frameworks.sh",
				"${BUILT_PRODUCTS_DIR}/UITextView+Placeholder/UITextView_Placeholder.framework",
			);
			name = "[CP] Embed Pods Frameworks";
			outputPaths = (
				"${TARGET_BUILD_DIR}/${FRAMEWORKS_FOLDER_PATH}/UITextView_Placeholder.framework",
			);
			runOnlyForDeploymentPostprocessing = 0;
			shellPath = /bin/sh;
			shellScript = "\"${SRCROOT}/Pods/Target Support Files/Pods-crypto-address-book/Pods-crypto-address-book-frameworks.sh\"\n";
			showEnvVarsInLog = 0;
		};
/* End PBXShellScriptBuildPhase section */

/* Begin PBXSourcesBuildPhase section */
		D0E5C041201412CC00DD4200 /* Sources */ = {
			isa = PBXSourcesBuildPhase;
			buildActionMask = 2147483647;
			files = (
				D0DE03F420147D2800CC630B /* VerifyAddressViewController.swift in Sources */,
				D0E5C05F20141B7200DD4200 /* BookTableViewController.swift in Sources */,
				D0E5C06320141BD200DD4200 /* AddressDetailViewController.swift in Sources */,
				D0DE03FE20153B3000CC630B /* ApiTransaction.swift in Sources */,
				D0DE040020153D6E00CC630B /* RequestBuilder.swift in Sources */,
				D0DE03F62015120F00CC630B /* ColorProfile.swift in Sources */,
				D001DE62201462FF00D83075 /* RoundedBurritoButton.swift in Sources */,
				D0DE040520154D0B00CC630B /* Constants.swift in Sources */,
				D0DE03F92015179200CC630B /* UIImage+CAB.swift in Sources */,
				D0DE0402201545B500CC630B /* QRScannerViewController.swift in Sources */,
				D0E5C049201412CC00DD4200 /* AppDelegate.swift in Sources */,
				D0DE03FB2015204C00CC630B /* UIColor+CAB.swift in Sources */,
				D0E5C06120141BA100DD4200 /* AddAddressViewController.swift in Sources */,
			);
			runOnlyForDeploymentPostprocessing = 0;
		};
/* End PBXSourcesBuildPhase section */

/* Begin PBXVariantGroup section */
		D0E5C04C201412CC00DD4200 /* Main.storyboard */ = {
			isa = PBXVariantGroup;
			children = (
				D0E5C04D201412CC00DD4200 /* Base */,
			);
			name = Main.storyboard;
			sourceTree = "<group>";
		};
		D0E5C051201412CC00DD4200 /* LaunchScreen.storyboard */ = {
			isa = PBXVariantGroup;
			children = (
				D0E5C052201412CC00DD4200 /* Base */,
			);
			name = LaunchScreen.storyboard;
			sourceTree = "<group>";
		};
/* End PBXVariantGroup section */

/* Begin XCBuildConfiguration section */
		D0E5C055201412CC00DD4200 /* Debug */ = {
			isa = XCBuildConfiguration;
			buildSettings = {
				ALWAYS_SEARCH_USER_PATHS = NO;
				CLANG_ANALYZER_NONNULL = YES;
				CLANG_ANALYZER_NUMBER_OBJECT_CONVERSION = YES_AGGRESSIVE;
				CLANG_CXX_LANGUAGE_STANDARD = "gnu++14";
				CLANG_CXX_LIBRARY = "libc++";
				CLANG_ENABLE_MODULES = YES;
				CLANG_ENABLE_OBJC_ARC = YES;
				CLANG_WARN_BLOCK_CAPTURE_AUTORELEASING = YES;
				CLANG_WARN_BOOL_CONVERSION = YES;
				CLANG_WARN_COMMA = YES;
				CLANG_WARN_CONSTANT_CONVERSION = YES;
				CLANG_WARN_DIRECT_OBJC_ISA_USAGE = YES_ERROR;
				CLANG_WARN_DOCUMENTATION_COMMENTS = YES;
				CLANG_WARN_EMPTY_BODY = YES;
				CLANG_WARN_ENUM_CONVERSION = YES;
				CLANG_WARN_INFINITE_RECURSION = YES;
				CLANG_WARN_INT_CONVERSION = YES;
				CLANG_WARN_NON_LITERAL_NULL_CONVERSION = YES;
				CLANG_WARN_OBJC_LITERAL_CONVERSION = YES;
				CLANG_WARN_OBJC_ROOT_CLASS = YES_ERROR;
				CLANG_WARN_RANGE_LOOP_ANALYSIS = YES;
				CLANG_WARN_STRICT_PROTOTYPES = YES;
				CLANG_WARN_SUSPICIOUS_MOVE = YES;
				CLANG_WARN_UNGUARDED_AVAILABILITY = YES_AGGRESSIVE;
				CLANG_WARN_UNREACHABLE_CODE = YES;
				CLANG_WARN__DUPLICATE_METHOD_MATCH = YES;
				CODE_SIGN_IDENTITY = "iPhone Developer";
				COPY_PHASE_STRIP = NO;
				DEBUG_INFORMATION_FORMAT = dwarf;
				ENABLE_STRICT_OBJC_MSGSEND = YES;
				ENABLE_TESTABILITY = YES;
				GCC_C_LANGUAGE_STANDARD = gnu11;
				GCC_DYNAMIC_NO_PIC = NO;
				GCC_NO_COMMON_BLOCKS = YES;
				GCC_OPTIMIZATION_LEVEL = 0;
				GCC_PREPROCESSOR_DEFINITIONS = (
					"DEBUG=1",
					"$(inherited)",
				);
				GCC_WARN_64_TO_32_BIT_CONVERSION = YES;
				GCC_WARN_ABOUT_RETURN_TYPE = YES_ERROR;
				GCC_WARN_UNDECLARED_SELECTOR = YES;
				GCC_WARN_UNINITIALIZED_AUTOS = YES_AGGRESSIVE;
				GCC_WARN_UNUSED_FUNCTION = YES;
				GCC_WARN_UNUSED_VARIABLE = YES;
				IPHONEOS_DEPLOYMENT_TARGET = 11.2;
				MTL_ENABLE_DEBUG_INFO = YES;
				ONLY_ACTIVE_ARCH = YES;
				SDKROOT = iphoneos;
				SWIFT_ACTIVE_COMPILATION_CONDITIONS = DEBUG;
				SWIFT_OPTIMIZATION_LEVEL = "-Onone";
			};
			name = Debug;
		};
		D0E5C056201412CC00DD4200 /* Release */ = {
			isa = XCBuildConfiguration;
			buildSettings = {
				ALWAYS_SEARCH_USER_PATHS = NO;
				CLANG_ANALYZER_NONNULL = YES;
				CLANG_ANALYZER_NUMBER_OBJECT_CONVERSION = YES_AGGRESSIVE;
				CLANG_CXX_LANGUAGE_STANDARD = "gnu++14";
				CLANG_CXX_LIBRARY = "libc++";
				CLANG_ENABLE_MODULES = YES;
				CLANG_ENABLE_OBJC_ARC = YES;
				CLANG_WARN_BLOCK_CAPTURE_AUTORELEASING = YES;
				CLANG_WARN_BOOL_CONVERSION = YES;
				CLANG_WARN_COMMA = YES;
				CLANG_WARN_CONSTANT_CONVERSION = YES;
				CLANG_WARN_DIRECT_OBJC_ISA_USAGE = YES_ERROR;
				CLANG_WARN_DOCUMENTATION_COMMENTS = YES;
				CLANG_WARN_EMPTY_BODY = YES;
				CLANG_WARN_ENUM_CONVERSION = YES;
				CLANG_WARN_INFINITE_RECURSION = YES;
				CLANG_WARN_INT_CONVERSION = YES;
				CLANG_WARN_NON_LITERAL_NULL_CONVERSION = YES;
				CLANG_WARN_OBJC_LITERAL_CONVERSION = YES;
				CLANG_WARN_OBJC_ROOT_CLASS = YES_ERROR;
				CLANG_WARN_RANGE_LOOP_ANALYSIS = YES;
				CLANG_WARN_STRICT_PROTOTYPES = YES;
				CLANG_WARN_SUSPICIOUS_MOVE = YES;
				CLANG_WARN_UNGUARDED_AVAILABILITY = YES_AGGRESSIVE;
				CLANG_WARN_UNREACHABLE_CODE = YES;
				CLANG_WARN__DUPLICATE_METHOD_MATCH = YES;
				CODE_SIGN_IDENTITY = "iPhone Developer";
				COPY_PHASE_STRIP = NO;
				DEBUG_INFORMATION_FORMAT = "dwarf-with-dsym";
				ENABLE_NS_ASSERTIONS = NO;
				ENABLE_STRICT_OBJC_MSGSEND = YES;
				GCC_C_LANGUAGE_STANDARD = gnu11;
				GCC_NO_COMMON_BLOCKS = YES;
				GCC_WARN_64_TO_32_BIT_CONVERSION = YES;
				GCC_WARN_ABOUT_RETURN_TYPE = YES_ERROR;
				GCC_WARN_UNDECLARED_SELECTOR = YES;
				GCC_WARN_UNINITIALIZED_AUTOS = YES_AGGRESSIVE;
				GCC_WARN_UNUSED_FUNCTION = YES;
				GCC_WARN_UNUSED_VARIABLE = YES;
				IPHONEOS_DEPLOYMENT_TARGET = 11.2;
				MTL_ENABLE_DEBUG_INFO = NO;
				SDKROOT = iphoneos;
				SWIFT_OPTIMIZATION_LEVEL = "-Owholemodule";
				VALIDATE_PRODUCT = YES;
			};
			name = Release;
		};
		D0E5C058201412CC00DD4200 /* Debug */ = {
			isa = XCBuildConfiguration;
			baseConfigurationReference = 01AD29B0E16C026A3EE43E76 /* Pods-crypto-address-book.debug.xcconfig */;
			buildSettings = {
				ASSETCATALOG_COMPILER_APPICON_NAME = AppIcon;
				CODE_SIGN_STYLE = Automatic;
				DEVELOPMENT_TEAM = BZWKCXTTT2;
				INFOPLIST_FILE = "crypto-address-book/Info.plist";
				LD_RUNPATH_SEARCH_PATHS = "$(inherited) @executable_path/Frameworks";
				PRODUCT_BUNDLE_IDENTIFIER = "com.mariolin.crypto-address-book";
				PRODUCT_NAME = "$(TARGET_NAME)";
				SWIFT_VERSION = 4.0;
				TARGETED_DEVICE_FAMILY = "1,2";
			};
			name = Debug;
		};
		D0E5C059201412CC00DD4200 /* Release */ = {
			isa = XCBuildConfiguration;
			baseConfigurationReference = 29390DC14729790161AFE562 /* Pods-crypto-address-book.release.xcconfig */;
			buildSettings = {
				ASSETCATALOG_COMPILER_APPICON_NAME = AppIcon;
				CODE_SIGN_STYLE = Automatic;
				DEVELOPMENT_TEAM = BZWKCXTTT2;
				INFOPLIST_FILE = "crypto-address-book/Info.plist";
				LD_RUNPATH_SEARCH_PATHS = "$(inherited) @executable_path/Frameworks";
				PRODUCT_BUNDLE_IDENTIFIER = "com.mariolin.crypto-address-book";
				PRODUCT_NAME = "$(TARGET_NAME)";
				SWIFT_VERSION = 4.0;
				TARGETED_DEVICE_FAMILY = "1,2";
			};
			name = Release;
		};
/* End XCBuildConfiguration section */

/* Begin XCConfigurationList section */
		D0E5C040201412CC00DD4200 /* Build configuration list for PBXProject "crypto-address-book" */ = {
			isa = XCConfigurationList;
			buildConfigurations = (
				D0E5C055201412CC00DD4200 /* Debug */,
				D0E5C056201412CC00DD4200 /* Release */,
			);
			defaultConfigurationIsVisible = 0;
			defaultConfigurationName = Release;
		};
		D0E5C057201412CC00DD4200 /* Build configuration list for PBXNativeTarget "crypto-address-book" */ = {
			isa = XCConfigurationList;
			buildConfigurations = (
				D0E5C058201412CC00DD4200 /* Debug */,
				D0E5C059201412CC00DD4200 /* Release */,
			);
			defaultConfigurationIsVisible = 0;
			defaultConfigurationName = Release;
		};
/* End XCConfigurationList section */
	};
	rootObject = D0E5C03D201412CC00DD4200 /* Project object */;
}
